
Microsoft Visual Studio Solution File, Format Version 12.00
# Visual Studio Version 17
VisualStudioVersion = 17.13.35931.197
MinimumVisualStudioVersion = 10.0.40219.1
Project("{FAE04EC0-301F-11D3-BF4B-00C04F79EFBC}") = "Tool", "Tool.csproj", "{EAE70EEA-FFE7-492C-9A8A-D1C58D362D30}"
EndProject
Project("{FAE04EC0-301F-11D3-BF4B-00C04F79EFBC}") = "Updater", "..\Updater\Updater.csproj", "{5634572E-0AFD-44F7-8DB1-BC1019879AA9}"
EndProject
Global
	GlobalSection(SolutionConfigurationPlatforms) = preSolution
		Debug|Any CPU = Debug|Any CPU
		Release|Any CPU = Release|Any CPU
	EndGlobalSection
	GlobalSection(ProjectConfigurationPlatforms) = postSolution
		{EAE70EEA-FFE7-492C-9A8A-D1C58D362D30}.Debug|Any CPU.ActiveCfg = Debug|Any CPU
		{EAE70EEA-FFE7-492C-9A8A-D1C58D362D30}.Debug|Any CPU.Build.0 = Debug|Any CPU
		{EAE70EEA-FFE7-492C-9A8A-D1C58D362D30}.Release|Any CPU.ActiveCfg = Release|Any CPU
		{EAE70EEA-FFE7-492C-9A8A-D1C58D362D30}.Release|Any CPU.Build.0 = Release|Any CPU
		{5634572E-0AFD-44F7-8DB1-BC1019879AA9}.Debug|Any CPU.ActiveCfg = Debug|Any CPU
		{5634572E-0AFD-44F7-8DB1-BC1019879AA9}.Debug|Any CPU.Build.0 = Debug|Any CPU
		{5634572E-0AFD-44F7-8DB1-BC1019879AA9}.Release|Any CPU.ActiveCfg = Release|Any CPU
		{5634572E-0AFD-44F7-8DB1-BC1019879AA9}.Release|Any CPU.Build.0 = Release|Any CPU
	EndGlobalSection
	GlobalSection(SolutionProperties) = preSolution
		HideSolutionNode = FALSE
	EndGlobalSection
	GlobalSection(ExtensibilityGlobals) = postSolution
		SolutionGuid = {2B6374FB-2E73-451B-AA02-14290C4DB740}
	EndGlobalSection
EndGlobal
